
Microsoft Visual Studio Solution File, Format Version 12.00
# Visual Studio Version 17
VisualStudioVersion = 17.9.34728.123
MinimumVisualStudioVersion = 10.0.40219.1
Project("{FAE04EC0-301F-11D3-BF4B-00C04F79EFBC}") = "BookstoreApi", "BookstoreApi.csproj", "{69B6359F-75AF-4BAF-8EA8-72412EB111A9}"
EndProject
Global
	GlobalSection(SolutionConfigurationPlatforms) = preSolution
		Debug|Any CPU = Debug|Any CPU
		Release|Any CPU = Release|Any CPU
	EndGlobalSection
	GlobalSection(ProjectConfigurationPlatforms) = postSolution
		{69B6359F-75AF-4BAF-8EA8-72412EB111A9}.Debug|Any CPU.ActiveCfg = Debug|Any CPU
		{69B6359F-75AF-4BAF-8EA8-72412EB111A9}.Debug|Any CPU.Build.0 = Debug|Any CPU
		{69B6359F-75AF-4BAF-8EA8-72412EB111A9}.Release|Any CPU.ActiveCfg = Release|Any CPU
		{69B6359F-75AF-4BAF-8EA8-72412EB111A9}.Release|Any CPU.Build.0 = Release|Any CPU
	EndGlobalSection
	GlobalSection(SolutionProperties) = preSolution
		HideSolutionNode = FALSE
	EndGlobalSection
	GlobalSection(ExtensibilityGlobals) = postSolution
		SolutionGuid = {0F4DD3F8-A97C-4825-8A04-4E89F987686D}
	EndGlobalSection
EndGlobal
